
Microsoft Visual Studio Solution File, Format Version 12.00
# Visual Studio Version 16
VisualStudioVersion = 16.0.29025.244
MinimumVisualStudioVersion = 10.0.40219.1
Project("{FAE04EC0-301F-11D3-BF4B-00C04F79EFBC}") = "new_asp.net_app", "new_asp.net_app\new_asp.net_app.csproj", "{D66A4890-CD49-41EE-A16F-706B8C8DF681}"
EndProject
Global
	GlobalSection(SolutionConfigurationPlatforms) = preSolution
		Debug|Any CPU = Debug|Any CPU
		Release|Any CPU = Release|Any CPU
	EndGlobalSection
	GlobalSection(ProjectConfigurationPlatforms) = postSolution
		{D66A4890-CD49-41EE-A16F-706B8C8DF681}.Debug|Any CPU.ActiveCfg = Debug|Any CPU
		{D66A4890-CD49-41EE-A16F-706B8C8DF681}.Debug|Any CPU.Build.0 = Debug|Any CPU
		{D66A4890-CD49-41EE-A16F-706B8C8DF681}.Release|Any CPU.ActiveCfg = Release|Any CPU
		{D66A4890-CD49-41EE-A16F-706B8C8DF681}.Release|Any CPU.Build.0 = Release|Any CPU
	EndGlobalSection
	GlobalSection(SolutionProperties) = preSolution
		HideSolutionNode = FALSE
	EndGlobalSection
	GlobalSection(ExtensibilityGlobals) = postSolution
		SolutionGuid = {6640A4D3-A4F7-4AC0-9902-4ADCA3132031}
	EndGlobalSection
EndGlobal
